
Microsoft Visual Studio Solution File, Format Version 12.00
# Visual Studio Version 16
VisualStudioVersion = 16.0.31205.134
MinimumVisualStudioVersion = 10.0.40219.1
Project("{FAE04EC0-301F-11D3-BF4B-00C04F79EFBC}") = "Timer_Test", "Timer_Test.csproj", "{BE10CA83-E9C6-46AF-809A-A8849A4DFE4F}"
EndProject
Global
	GlobalSection(SolutionConfigurationPlatforms) = preSolution
		Debug|Any CPU = Debug|Any CPU
		Release|Any CPU = Release|Any CPU
	EndGlobalSection
	GlobalSection(ProjectConfigurationPlatforms) = postSolution
		{BE10CA83-E9C6-46AF-809A-A8849A4DFE4F}.Debug|Any CPU.ActiveCfg = Debug|Any CPU
		{BE10CA83-E9C6-46AF-809A-A8849A4DFE4F}.Debug|Any CPU.Build.0 = Debug|Any CPU
		{BE10CA83-E9C6-46AF-809A-A8849A4DFE4F}.Release|Any CPU.ActiveCfg = Release|Any CPU
		{BE10CA83-E9C6-46AF-809A-A8849A4DFE4F}.Release|Any CPU.Build.0 = Release|Any CPU
	EndGlobalSection
	GlobalSection(SolutionProperties) = preSolution
		HideSolutionNode = FALSE
	EndGlobalSection
	GlobalSection(ExtensibilityGlobals) = postSolution
		SolutionGuid = {958E1847-7169-4728-8451-6913377F4514}
	EndGlobalSection
EndGlobal
